// !$*UTF8*$!
{
	archiveVersion = 1;
	classes = {
	};
	objectVersion = 56;
	objects = {

/* Begin PBXBuildFile section */
		5991DE392A2887CC00EF4C41 /* HyperhireApp.swift in Sources */ = {isa = PBXBuildFile; fileRef = 5991DE382A2887CC00EF4C41 /* HyperhireApp.swift */; };
		5991DE3B2A2887CC00EF4C41 /* ContentView.swift in Sources */ = {isa = PBXBuildFile; fileRef = 5991DE3A2A2887CC00EF4C41 /* ContentView.swift */; };
		5991DE3D2A2887CE00EF4C41 /* Assets.xcassets in Resources */ = {isa = PBXBuildFile; fileRef = 5991DE3C2A2887CE00EF4C41 /* Assets.xcassets */; };
		5991DE402A2887CE00EF4C41 /* Preview Assets.xcassets in Resources */ = {isa = PBXBuildFile; fileRef = 5991DE3F2A2887CE00EF4C41 /* Preview Assets.xcassets */; };
		5991DE4B2A288B9C00EF4C41 /* User.swift in Sources */ = {isa = PBXBuildFile; fileRef = 5991DE4A2A288B9C00EF4C41 /* User.swift */; };
		5991DE4D2A288BEB00EF4C41 /* Post.swift in Sources */ = {isa = PBXBuildFile; fileRef = 5991DE4C2A288BEB00EF4C41 /* Post.swift */; };
		5991DE4F2A288BF200EF4C41 /* Comment.swift in Sources */ = {isa = PBXBuildFile; fileRef = 5991DE4E2A288BF200EF4C41 /* Comment.swift */; };
		5991DE512A288F2400EF4C41 /* PostView.swift in Sources */ = {isa = PBXBuildFile; fileRef = 5991DE502A288F2400EF4C41 /* PostView.swift */; };
		5991DE532A288F3400EF4C41 /* CommentView.swift in Sources */ = {isa = PBXBuildFile; fileRef = 5991DE522A288F3400EF4C41 /* CommentView.swift */; };
		5991DE752A28A1F300EF4C41 /* Roboto-Regular.ttf in Resources */ = {isa = PBXBuildFile; fileRef = 5991DE692A28A1F300EF4C41 /* Roboto-Regular.ttf */; };
		5991DE772A28A1F300EF4C41 /* Roboto-Medium.ttf in Resources */ = {isa = PBXBuildFile; fileRef = 5991DE6B2A28A1F300EF4C41 /* Roboto-Medium.ttf */; };
		5991DE832A28A8A200EF4C41 /* Fonts.swift in Sources */ = {isa = PBXBuildFile; fileRef = 5991DE822A28A8A200EF4C41 /* Fonts.swift */; };
		5991DE862A28AE0D00EF4C41 /* Colors.swift in Sources */ = {isa = PBXBuildFile; fileRef = 5991DE852A28AE0D00EF4C41 /* Colors.swift */; };
		5991DE892A28BC4700EF4C41 /* HashtagPill.swift in Sources */ = {isa = PBXBuildFile; fileRef = 5991DE882A28BC4700EF4C41 /* HashtagPill.swift */; };
		5991DE8B2A28C65E00EF4C41 /* WrappedHStack.swift in Sources */ = {isa = PBXBuildFile; fileRef = 5991DE8A2A28C65E00EF4C41 /* WrappedHStack.swift */; };
		5991DE8D2A28D4CA00EF4C41 /* PostHeader.swift in Sources */ = {isa = PBXBuildFile; fileRef = 5991DE8C2A28D4CA00EF4C41 /* PostHeader.swift */; };
		5991DE8F2A28D51500EF4C41 /* PostContent.swift in Sources */ = {isa = PBXBuildFile; fileRef = 5991DE8E2A28D51500EF4C41 /* PostContent.swift */; };
		5991DE922A28E86200EF4C41 /* CommentHeader.swift in Sources */ = {isa = PBXBuildFile; fileRef = 5991DE912A28E86200EF4C41 /* CommentHeader.swift */; };
		5991DE942A28EAE900EF4C41 /* CommentContent.swift in Sources */ = {isa = PBXBuildFile; fileRef = 5991DE932A28EAE900EF4C41 /* CommentContent.swift */; };
		5991DEA02A29103300EF4C41 /* NotoSansKR-Medium.otf in Resources */ = {isa = PBXBuildFile; fileRef = 5991DE9D2A29103300EF4C41 /* NotoSansKR-Medium.otf */; };
		5991DEA12A29103300EF4C41 /* NotoSansKR-Bold.otf in Resources */ = {isa = PBXBuildFile; fileRef = 5991DE9E2A29103300EF4C41 /* NotoSansKR-Bold.otf */; };
		5991DEA22A29103300EF4C41 /* NotoSansKR-Regular.otf in Resources */ = {isa = PBXBuildFile; fileRef = 5991DE9F2A29103300EF4C41 /* NotoSansKR-Regular.otf */; };
		5991DEA42A2928D800EF4C41 /* PostIntent.swift in Sources */ = {isa = PBXBuildFile; fileRef = 5991DEA32A2928D800EF4C41 /* PostIntent.swift */; };
		5991DEA62A2928E700EF4C41 /* CommentIntent.swift in Sources */ = {isa = PBXBuildFile; fileRef = 5991DEA52A2928E700EF4C41 /* CommentIntent.swift */; };
		5991DEA92A29291100EF4C41 /* PostViewModel.swift in Sources */ = {isa = PBXBuildFile; fileRef = 5991DEA82A29291100EF4C41 /* PostViewModel.swift */; };
		5991DEAD2A292C0D00EF4C41 /* PostScreen.swift in Sources */ = {isa = PBXBuildFile; fileRef = 5991DEAC2A292C0D00EF4C41 /* PostScreen.swift */; };
		5991DEB02A2932E300EF4C41 /* CommentsListView.swift in Sources */ = {isa = PBXBuildFile; fileRef = 5991DEAF2A2932E300EF4C41 /* CommentsListView.swift */; };
		5991DEB22A29333F00EF4C41 /* PostImage.swift in Sources */ = {isa = PBXBuildFile; fileRef = 5991DEB12A29333F00EF4C41 /* PostImage.swift */; };
		5991DEB42A2933C200EF4C41 /* PostActions.swift in Sources */ = {isa = PBXBuildFile; fileRef = 5991DEB32A2933C200EF4C41 /* PostActions.swift */; };
		5991DEB82A294B8B00EF4C41 /* Utils.swift in Sources */ = {isa = PBXBuildFile; fileRef = 5991DEB72A294B8B00EF4C41 /* Utils.swift */; };
/* End PBXBuildFile section */

/* Begin PBXFileReference section */
		5991DE352A2887CC00EF4C41 /* Hyperhire.app */ = {isa = PBXFileReference; explicitFileType = wrapper.application; includeInIndex = 0; path = Hyperhire.app; sourceTree = BUILT_PRODUCTS_DIR; };
		5991DE382A2887CC00EF4C41 /* HyperhireApp.swift */ = {isa = PBXFileReference; lastKnownFileType = sourcecode.swift; path = HyperhireApp.swift; sourceTree = "<group>"; };
		5991DE3A2A2887CC00EF4C41 /* ContentView.swift */ = {isa = PBXFileReference; lastKnownFileType = sourcecode.swift; path = ContentView.swift; sourceTree = "<group>"; };
		5991DE3C2A2887CE00EF4C41 /* Assets.xcassets */ = {isa = PBXFileReference; lastKnownFileType = folder.assetcatalog; path = Assets.xcassets; sourceTree = "<group>"; };
		5991DE3F2A2887CE00EF4C41 /* Preview Assets.xcassets */ = {isa = PBXFileReference; lastKnownFileType = folder.assetcatalog; path = "Preview Assets.xcassets"; sourceTree = "<group>"; };
		5991DE4A2A288B9C00EF4C41 /* User.swift */ = {isa = PBXFileReference; lastKnownFileType = sourcecode.swift; path = User.swift; sourceTree = "<group>"; };
		5991DE4C2A288BEB00EF4C41 /* Post.swift */ = {isa = PBXFileReference; lastKnownFileType = sourcecode.swift; path = Post.swift; sourceTree = "<group>"; };
		5991DE4E2A288BF200EF4C41 /* Comment.swift */ = {isa = PBXFileReference; lastKnownFileType = sourcecode.swift; path = Comment.swift; sourceTree = "<group>"; };
		5991DE502A288F2400EF4C41 /* PostView.swift */ = {isa = PBXFileReference; lastKnownFileType = sourcecode.swift; path = PostView.swift; sourceTree = "<group>"; };
		5991DE522A288F3400EF4C41 /* CommentView.swift */ = {isa = PBXFileReference; lastKnownFileType = sourcecode.swift; path = CommentView.swift; sourceTree = "<group>"; };
		5991DE692A28A1F300EF4C41 /* Roboto-Regular.ttf */ = {isa = PBXFileReference; lastKnownFileType = file; path = "Roboto-Regular.ttf"; sourceTree = "<group>"; };
		5991DE6B2A28A1F300EF4C41 /* Roboto-Medium.ttf */ = {isa = PBXFileReference; lastKnownFileType = file; path = "Roboto-Medium.ttf"; sourceTree = "<group>"; };
		5991DE802A28A4DC00EF4C41 /* Info.plist */ = {isa = PBXFileReference; lastKnownFileType = text.plist; path = Info.plist; sourceTree = "<group>"; };
		5991DE822A28A8A200EF4C41 /* Fonts.swift */ = {isa = PBXFileReference; lastKnownFileType = sourcecode.swift; path = Fonts.swift; sourceTree = "<group>"; };
		5991DE852A28AE0D00EF4C41 /* Colors.swift */ = {isa = PBXFileReference; lastKnownFileType = sourcecode.swift; path = Colors.swift; sourceTree = "<group>"; };
		5991DE882A28BC4700EF4C41 /* HashtagPill.swift */ = {isa = PBXFileReference; lastKnownFileType = sourcecode.swift; path = HashtagPill.swift; sourceTree = "<group>"; };
		5991DE8A2A28C65E00EF4C41 /* WrappedHStack.swift */ = {isa = PBXFileReference; lastKnownFileType = sourcecode.swift; path = WrappedHStack.swift; sourceTree = "<group>"; };
		5991DE8C2A28D4CA00EF4C41 /* PostHeader.swift */ = {isa = PBXFileReference; lastKnownFileType = sourcecode.swift; path = PostHeader.swift; sourceTree = "<group>"; };
		5991DE8E2A28D51500EF4C41 /* PostContent.swift */ = {isa = PBXFileReference; lastKnownFileType = sourcecode.swift; path = PostContent.swift; sourceTree = "<group>"; };
		5991DE912A28E86200EF4C41 /* CommentHeader.swift */ = {isa = PBXFileReference; lastKnownFileType = sourcecode.swift; path = CommentHeader.swift; sourceTree = "<group>"; };
		5991DE932A28EAE900EF4C41 /* CommentContent.swift */ = {isa = PBXFileReference; lastKnownFileType = sourcecode.swift; path = CommentContent.swift; sourceTree = "<group>"; };
		5991DE9D2A29103300EF4C41 /* NotoSansKR-Medium.otf */ = {isa = PBXFileReference; lastKnownFileType = file; path = "NotoSansKR-Medium.otf"; sourceTree = "<group>"; };
		5991DE9E2A29103300EF4C41 /* NotoSansKR-Bold.otf */ = {isa = PBXFileReference; lastKnownFileType = file; path = "NotoSansKR-Bold.otf"; sourceTree = "<group>"; };
		5991DE9F2A29103300EF4C41 /* NotoSansKR-Regular.otf */ = {isa = PBXFileReference; lastKnownFileType = file; path = "NotoSansKR-Regular.otf"; sourceTree = "<group>"; };
		5991DEA32A2928D800EF4C41 /* PostIntent.swift */ = {isa = PBXFileReference; lastKnownFileType = sourcecode.swift; path = PostIntent.swift; sourceTree = "<group>"; };
		5991DEA52A2928E700EF4C41 /* CommentIntent.swift */ = {isa = PBXFileReference; lastKnownFileType = sourcecode.swift; path = CommentIntent.swift; sourceTree = "<group>"; };
		5991DEA82A29291100EF4C41 /* PostViewModel.swift */ = {isa = PBXFileReference; lastKnownFileType = sourcecode.swift; path = PostViewModel.swift; sourceTree = "<group>"; };
		5991DEAC2A292C0D00EF4C41 /* PostScreen.swift */ = {isa = PBXFileReference; lastKnownFileType = sourcecode.swift; path = PostScreen.swift; sourceTree = "<group>"; };
		5991DEAF2A2932E300EF4C41 /* CommentsListView.swift */ = {isa = PBXFileReference; lastKnownFileType = sourcecode.swift; path = CommentsListView.swift; sourceTree = "<group>"; };
		5991DEB12A29333F00EF4C41 /* PostImage.swift */ = {isa = PBXFileReference; lastKnownFileType = sourcecode.swift; path = PostImage.swift; sourceTree = "<group>"; };
		5991DEB32A2933C200EF4C41 /* PostActions.swift */ = {isa = PBXFileReference; lastKnownFileType = sourcecode.swift; path = PostActions.swift; sourceTree = "<group>"; };
		5991DEB72A294B8B00EF4C41 /* Utils.swift */ = {isa = PBXFileReference; lastKnownFileType = sourcecode.swift; path = Utils.swift; sourceTree = "<group>"; };
		5991DEB92A2950F100EF4C41 /* Video-Demo.mov */ = {isa = PBXFileReference; lastKnownFileType = video.quicktime; path = "Video-Demo.mov"; sourceTree = "<group>"; };
/* End PBXFileReference section */

/* Begin PBXFrameworksBuildPhase section */
		5991DE322A2887CC00EF4C41 /* Frameworks */ = {
			isa = PBXFrameworksBuildPhase;
			buildActionMask = 2147483647;
			files = (
			);
			runOnlyForDeploymentPostprocessing = 0;
		};
/* End PBXFrameworksBuildPhase section */

/* Begin PBXGroup section */
		5991DE2C2A2887CC00EF4C41 = {
			isa = PBXGroup;
			children = (
				5991DE372A2887CC00EF4C41 /* Hyperhire */,
				5991DE362A2887CC00EF4C41 /* Products */,
			);
			sourceTree = "<group>";
		};
		5991DE362A2887CC00EF4C41 /* Products */ = {
			isa = PBXGroup;
			children = (
				5991DE352A2887CC00EF4C41 /* Hyperhire.app */,
			);
			name = Products;
			sourceTree = "<group>";
		};
		5991DE372A2887CC00EF4C41 /* Hyperhire */ = {
			isa = PBXGroup;
			children = (
				5991DE812A28A88F00EF4C41 /* Extensions */,
				5991DE802A28A4DC00EF4C41 /* Info.plist */,
				5991DE552A28A18100EF4C41 /* Fonts */,
				5991DE542A28903600EF4C41 /* Intents */,
				5991DEA72A2928EF00EF4C41 /* ViewModels */,
				5991DE472A2887EF00EF4C41 /* Models */,
				5991DEAE2A292C3B00EF4C41 /* Screens */,
				5991DE462A2887DF00EF4C41 /* Views */,
				5991DE382A2887CC00EF4C41 /* HyperhireApp.swift */,
				5991DEB92A2950F100EF4C41 /* Video-Demo.mov */,
				5991DE3A2A2887CC00EF4C41 /* ContentView.swift */,
				5991DE3C2A2887CE00EF4C41 /* Assets.xcassets */,
				5991DE3E2A2887CE00EF4C41 /* Preview Content */,
				5991DEB72A294B8B00EF4C41 /* Utils.swift */,
			);
			path = Hyperhire;
			sourceTree = "<group>";
		};
		5991DE3E2A2887CE00EF4C41 /* Preview Content */ = {
			isa = PBXGroup;
			children = (
				5991DE3F2A2887CE00EF4C41 /* Preview Assets.xcassets */,
			);
			path = "Preview Content";
			sourceTree = "<group>";
		};
		5991DE462A2887DF00EF4C41 /* Views */ = {
			isa = PBXGroup;
			children = (
				5991DEB52A2933E700EF4C41 /* Common */,
				5991DE902A28E84800EF4C41 /* Commment */,
				5991DE872A28BC3900EF4C41 /* Post */,
			);
			path = Views;
			sourceTree = "<group>";
		};
		5991DE472A2887EF00EF4C41 /* Models */ = {
			isa = PBXGroup;
			children = (
				5991DE4A2A288B9C00EF4C41 /* User.swift */,
				5991DE4C2A288BEB00EF4C41 /* Post.swift */,
				5991DE4E2A288BF200EF4C41 /* Comment.swift */,
			);
			path = Models;
			sourceTree = "<group>";
		};
		5991DE542A28903600EF4C41 /* Intents */ = {
			isa = PBXGroup;
			children = (
				5991DEA32A2928D800EF4C41 /* PostIntent.swift */,
				5991DEA52A2928E700EF4C41 /* CommentIntent.swift */,
			);
			path = Intents;
			sourceTree = "<group>";
		};
		5991DE552A28A18100EF4C41 /* Fonts */ = {
			isa = PBXGroup;
			children = (
				5991DE572A28A18D00EF4C41 /* Noto Sans */,
				5991DE562A28A18700EF4C41 /* Roboto */,
			);
			path = Fonts;
			sourceTree = "<group>";
		};
		5991DE562A28A18700EF4C41 /* Roboto */ = {
			isa = PBXGroup;
			children = (
				5991DE6B2A28A1F300EF4C41 /* Roboto-Medium.ttf */,
				5991DE692A28A1F300EF4C41 /* Roboto-Regular.ttf */,
			);
			path = Roboto;
			sourceTree = "<group>";
		};
		5991DE572A28A18D00EF4C41 /* Noto Sans */ = {
			isa = PBXGroup;
			children = (
				5991DE9E2A29103300EF4C41 /* NotoSansKR-Bold.otf */,
				5991DE9D2A29103300EF4C41 /* NotoSansKR-Medium.otf */,
				5991DE9F2A29103300EF4C41 /* NotoSansKR-Regular.otf */,
			);
			path = "Noto Sans";
			sourceTree = "<group>";
		};
		5991DE812A28A88F00EF4C41 /* Extensions */ = {
			isa = PBXGroup;
			children = (
				5991DE822A28A8A200EF4C41 /* Fonts.swift */,
				5991DE852A28AE0D00EF4C41 /* Colors.swift */,
			);
			path = Extensions;
			sourceTree = "<group>";
		};
		5991DE872A28BC3900EF4C41 /* Post */ = {
			isa = PBXGroup;
			children = (
				5991DE8C2A28D4CA00EF4C41 /* PostHeader.swift */,
				5991DE8E2A28D51500EF4C41 /* PostContent.swift */,
				5991DE502A288F2400EF4C41 /* PostView.swift */,
				5991DEB12A29333F00EF4C41 /* PostImage.swift */,
				5991DEB32A2933C200EF4C41 /* PostActions.swift */,
			);
			path = Post;
			sourceTree = "<group>";
		};
		5991DE902A28E84800EF4C41 /* Commment */ = {
			isa = PBXGroup;
			children = (
				5991DE912A28E86200EF4C41 /* CommentHeader.swift */,
				5991DE932A28EAE900EF4C41 /* CommentContent.swift */,
				5991DE522A288F3400EF4C41 /* CommentView.swift */,
				5991DEAF2A2932E300EF4C41 /* CommentsListView.swift */,
			);
			path = Commment;
			sourceTree = "<group>";
		};
		5991DEA72A2928EF00EF4C41 /* ViewModels */ = {
			isa = PBXGroup;
			children = (
				5991DEA82A29291100EF4C41 /* PostViewModel.swift */,
			);
			path = ViewModels;
			sourceTree = "<group>";
		};
		5991DEAE2A292C3B00EF4C41 /* Screens */ = {
			isa = PBXGroup;
			children = (
				5991DEAC2A292C0D00EF4C41 /* PostScreen.swift */,
			);
			path = Screens;
			sourceTree = "<group>";
		};
		5991DEB52A2933E700EF4C41 /* Common */ = {
			isa = PBXGroup;
			children = (
				5991DE8A2A28C65E00EF4C41 /* WrappedHStack.swift */,
				5991DE882A28BC4700EF4C41 /* HashtagPill.swift */,
			);
			path = Common;
			sourceTree = "<group>";
		};
/* End PBXGroup section */

/* Begin PBXNativeTarget section */
		5991DE342A2887CC00EF4C41 /* Hyperhire */ = {
			isa = PBXNativeTarget;
			buildConfigurationList = 5991DE432A2887CE00EF4C41 /* Build configuration list for PBXNativeTarget "Hyperhire" */;
			buildPhases = (
				5991DE312A2887CC00EF4C41 /* Sources */,
				5991DE322A2887CC00EF4C41 /* Frameworks */,
				5991DE332A2887CC00EF4C41 /* Resources */,
			);
			buildRules = (
			);
			dependencies = (
			);
			name = Hyperhire;
			productName = Hyperhire;
			productReference = 5991DE352A2887CC00EF4C41 /* Hyperhire.app */;
			productType = "com.apple.product-type.application";
		};
/* End PBXNativeTarget section */

/* Begin PBXProject section */
		5991DE2D2A2887CC00EF4C41 /* Project object */ = {
			isa = PBXProject;
			attributes = {
				BuildIndependentTargetsInParallel = 1;
				LastSwiftUpdateCheck = 1430;
				LastUpgradeCheck = 1430;
				TargetAttributes = {
					5991DE342A2887CC00EF4C41 = {
						CreatedOnToolsVersion = 14.3;
					};
				};
			};
			buildConfigurationList = 5991DE302A2887CC00EF4C41 /* Build configuration list for PBXProject "Hyperhire" */;
			compatibilityVersion = "Xcode 14.0";
			developmentRegion = en;
			hasScannedForEncodings = 0;
			knownRegions = (
				en,
				Base,
			);
			mainGroup = 5991DE2C2A2887CC00EF4C41;
			productRefGroup = 5991DE362A2887CC00EF4C41 /* Products */;
			projectDirPath = "";
			projectRoot = "";
			targets = (
				5991DE342A2887CC00EF4C41 /* Hyperhire */,
			);
		};
/* End PBXProject section */

/* Begin PBXResourcesBuildPhase section */
		5991DE332A2887CC00EF4C41 /* Resources */ = {
			isa = PBXResourcesBuildPhase;
			buildActionMask = 2147483647;
			files = (
				5991DE772A28A1F300EF4C41 /* Roboto-Medium.ttf in Resources */,
				5991DE402A2887CE00EF4C41 /* Preview Assets.xcassets in Resources */,
				5991DEA22A29103300EF4C41 /* NotoSansKR-Regular.otf in Resources */,
				5991DEA12A29103300EF4C41 /* NotoSansKR-Bold.otf in Resources */,
				5991DEA02A29103300EF4C41 /* NotoSansKR-Medium.otf in Resources */,
				5991DE752A28A1F300EF4C41 /* Roboto-Regular.ttf in Resources */,
				5991DE3D2A2887CE00EF4C41 /* Assets.xcassets in Resources */,
			);
			runOnlyForDeploymentPostprocessing = 0;
		};
/* End PBXResourcesBuildPhase section */

/* Begin PBXSourcesBuildPhase section */
		5991DE312A2887CC00EF4C41 /* Sources */ = {
			isa = PBXSourcesBuildPhase;
			buildActionMask = 2147483647;
			files = (
				5991DE512A288F2400EF4C41 /* PostView.swift in Sources */,
				5991DEAD2A292C0D00EF4C41 /* PostScreen.swift in Sources */,
				5991DE862A28AE0D00EF4C41 /* Colors.swift in Sources */,
				5991DEB02A2932E300EF4C41 /* CommentsListView.swift in Sources */,
				5991DE4B2A288B9C00EF4C41 /* User.swift in Sources */,
				5991DEA42A2928D800EF4C41 /* PostIntent.swift in Sources */,
				5991DE922A28E86200EF4C41 /* CommentHeader.swift in Sources */,
				5991DEA62A2928E700EF4C41 /* CommentIntent.swift in Sources */,
				5991DEA92A29291100EF4C41 /* PostViewModel.swift in Sources */,
				5991DE892A28BC4700EF4C41 /* HashtagPill.swift in Sources */,
				5991DE532A288F3400EF4C41 /* CommentView.swift in Sources */,
				5991DEB22A29333F00EF4C41 /* PostImage.swift in Sources */,
				5991DE4F2A288BF200EF4C41 /* Comment.swift in Sources */,
				5991DE8D2A28D4CA00EF4C41 /* PostHeader.swift in Sources */,
				5991DE8B2A28C65E00EF4C41 /* WrappedHStack.swift in Sources */,
				5991DEB82A294B8B00EF4C41 /* Utils.swift in Sources */,
				5991DE8F2A28D51500EF4C41 /* PostContent.swift in Sources */,
				5991DE3B2A2887CC00EF4C41 /* ContentView.swift in Sources */,
				5991DE392A2887CC00EF4C41 /* HyperhireApp.swift in Sources */,
				5991DE942A28EAE900EF4C41 /* CommentContent.swift in Sources */,
				5991DEB42A2933C200EF4C41 /* PostActions.swift in Sources */,
				5991DE832A28A8A200EF4C41 /* Fonts.swift in Sources */,
				5991DE4D2A288BEB00EF4C41 /* Post.swift in Sources */,
			);
			runOnlyForDeploymentPostprocessing = 0;
		};
/* End PBXSourcesBuildPhase section */

/* Begin XCBuildConfiguration section */
		5991DE412A2887CE00EF4C41 /* Debug */ = {
			isa = XCBuildConfiguration;
			buildSettings = {
				ALWAYS_SEARCH_USER_PATHS = NO;
				CLANG_ANALYZER_NONNULL = YES;
				CLANG_ANALYZER_NUMBER_OBJECT_CONVERSION = YES_AGGRESSIVE;
				CLANG_CXX_LANGUAGE_STANDARD = "gnu++20";
				CLANG_ENABLE_MODULES = YES;
				CLANG_ENABLE_OBJC_ARC = YES;
				CLANG_ENABLE_OBJC_WEAK = YES;
				CLANG_WARN_BLOCK_CAPTURE_AUTORELEASING = YES;
				CLANG_WARN_BOOL_CONVERSION = YES;
				CLANG_WARN_COMMA = YES;
				CLANG_WARN_CONSTANT_CONVERSION = YES;
				CLANG_WARN_DEPRECATED_OBJC_IMPLEMENTATIONS = YES;
				CLANG_WARN_DIRECT_OBJC_ISA_USAGE = YES_ERROR;
				CLANG_WARN_DOCUMENTATION_COMMENTS = YES;
				CLANG_WARN_EMPTY_BODY = YES;
				CLANG_WARN_ENUM_CONVERSION = YES;
				CLANG_WARN_INFINITE_RECURSION = YES;
				CLANG_WARN_INT_CONVERSION = YES;
				CLANG_WARN_NON_LITERAL_NULL_CONVERSION = YES;
				CLANG_WARN_OBJC_IMPLICIT_RETAIN_SELF = YES;
				CLANG_WARN_OBJC_LITERAL_CONVERSION = YES;
				CLANG_WARN_OBJC_ROOT_CLASS = YES_ERROR;
				CLANG_WARN_QUOTED_INCLUDE_IN_FRAMEWORK_HEADER = YES;
				CLANG_WARN_RANGE_LOOP_ANALYSIS = YES;
				CLANG_WARN_STRICT_PROTOTYPES = YES;
				CLANG_WARN_SUSPICIOUS_MOVE = YES;
				CLANG_WARN_UNGUARDED_AVAILABILITY = YES_AGGRESSIVE;
				CLANG_WARN_UNREACHABLE_CODE = YES;
				CLANG_WARN__DUPLICATE_METHOD_MATCH = YES;
				COPY_PHASE_STRIP = NO;
				DEBUG_INFORMATION_FORMAT = dwarf;
				ENABLE_STRICT_OBJC_MSGSEND = YES;
				ENABLE_TESTABILITY = YES;
				GCC_C_LANGUAGE_STANDARD = gnu11;
				GCC_DYNAMIC_NO_PIC = NO;
				GCC_NO_COMMON_BLOCKS = YES;
				GCC_OPTIMIZATION_LEVEL = 0;
				GCC_PREPROCESSOR_DEFINITIONS = (
					"DEBUG=1",
					"$(inherited)",
				);
				GCC_WARN_64_TO_32_BIT_CONVERSION = YES;
				GCC_WARN_ABOUT_RETURN_TYPE = YES_ERROR;
				GCC_WARN_UNDECLARED_SELECTOR = YES;
				GCC_WARN_UNINITIALIZED_AUTOS = YES_AGGRESSIVE;
				GCC_WARN_UNUSED_FUNCTION = YES;
				GCC_WARN_UNUSED_VARIABLE = YES;
				IPHONEOS_DEPLOYMENT_TARGET = 16.4;
				MTL_ENABLE_DEBUG_INFO = INCLUDE_SOURCE;
				MTL_FAST_MATH = YES;
				ONLY_ACTIVE_ARCH = YES;
				SDKROOT = iphoneos;
				SWIFT_ACTIVE_COMPILATION_CONDITIONS = DEBUG;
				SWIFT_OPTIMIZATION_LEVEL = "-Onone";
			};
			name = Debug;
		};
		5991DE422A2887CE00EF4C41 /* Release */ = {
			isa = XCBuildConfiguration;
			buildSettings = {
				ALWAYS_SEARCH_USER_PATHS = NO;
				CLANG_ANALYZER_NONNULL = YES;
				CLANG_ANALYZER_NUMBER_OBJECT_CONVERSION = YES_AGGRESSIVE;
				CLANG_CXX_LANGUAGE_STANDARD = "gnu++20";
				CLANG_ENABLE_MODULES = YES;
				CLANG_ENABLE_OBJC_ARC = YES;
				CLANG_ENABLE_OBJC_WEAK = YES;
				CLANG_WARN_BLOCK_CAPTURE_AUTORELEASING = YES;
				CLANG_WARN_BOOL_CONVERSION = YES;
				CLANG_WARN_COMMA = YES;
				CLANG_WARN_CONSTANT_CONVERSION = YES;
				CLANG_WARN_DEPRECATED_OBJC_IMPLEMENTATIONS = YES;
				CLANG_WARN_DIRECT_OBJC_ISA_USAGE = YES_ERROR;
				CLANG_WARN_DOCUMENTATION_COMMENTS = YES;
				CLANG_WARN_EMPTY_BODY = YES;
				CLANG_WARN_ENUM_CONVERSION = YES;
				CLANG_WARN_INFINITE_RECURSION = YES;
				CLANG_WARN_INT_CONVERSION = YES;
				CLANG_WARN_NON_LITERAL_NULL_CONVERSION = YES;
				CLANG_WARN_OBJC_IMPLICIT_RETAIN_SELF = YES;
				CLANG_WARN_OBJC_LITERAL_CONVERSION = YES;
				CLANG_WARN_OBJC_ROOT_CLASS = YES_ERROR;
				CLANG_WARN_QUOTED_INCLUDE_IN_FRAMEWORK_HEADER = YES;
				CLANG_WARN_RANGE_LOOP_ANALYSIS = YES;
				CLANG_WARN_STRICT_PROTOTYPES = YES;
				CLANG_WARN_SUSPICIOUS_MOVE = YES;
				CLANG_WARN_UNGUARDED_AVAILABILITY = YES_AGGRESSIVE;
				CLANG_WARN_UNREACHABLE_CODE = YES;
				CLANG_WARN__DUPLICATE_METHOD_MATCH = YES;
				COPY_PHASE_STRIP = NO;
				DEBUG_INFORMATION_FORMAT = "dwarf-with-dsym";
				ENABLE_NS_ASSERTIONS = NO;
				ENABLE_STRICT_OBJC_MSGSEND = YES;
				GCC_C_LANGUAGE_STANDARD = gnu11;
				GCC_NO_COMMON_BLOCKS = YES;
				GCC_WARN_64_TO_32_BIT_CONVERSION = YES;
				GCC_WARN_ABOUT_RETURN_TYPE = YES_ERROR;
				GCC_WARN_UNDECLARED_SELECTOR = YES;
				GCC_WARN_UNINITIALIZED_AUTOS = YES_AGGRESSIVE;
				GCC_WARN_UNUSED_FUNCTION = YES;
				GCC_WARN_UNUSED_VARIABLE = YES;
				IPHONEOS_DEPLOYMENT_TARGET = 16.4;
				MTL_ENABLE_DEBUG_INFO = NO;
				MTL_FAST_MATH = YES;
				SDKROOT = iphoneos;
				SWIFT_COMPILATION_MODE = wholemodule;
				SWIFT_OPTIMIZATION_LEVEL = "-O";
				VALIDATE_PRODUCT = YES;
			};
			name = Release;
		};
		5991DE442A2887CE00EF4C41 /* Debug */ = {
			isa = XCBuildConfiguration;
			buildSettings = {
				ASSETCATALOG_COMPILER_APPICON_NAME = AppIcon;
				ASSETCATALOG_COMPILER_GLOBAL_ACCENT_COLOR_NAME = AccentColor;
				CODE_SIGN_STYLE = Automatic;
				CURRENT_PROJECT_VERSION = 1;
				DEVELOPMENT_ASSET_PATHS = "\"Hyperhire/Preview Content\"";
				ENABLE_PREVIEWS = YES;
				GENERATE_INFOPLIST_FILE = YES;
				INFOPLIST_FILE = Hyperhire/Info.plist;
				INFOPLIST_KEY_UIApplicationSceneManifest_Generation = YES;
				INFOPLIST_KEY_UIApplicationSupportsIndirectInputEvents = YES;
				INFOPLIST_KEY_UILaunchScreen_Generation = YES;
				INFOPLIST_KEY_UISupportedInterfaceOrientations_iPad = "UIInterfaceOrientationPortrait UIInterfaceOrientationPortraitUpsideDown UIInterfaceOrientationLandscapeLeft UIInterfaceOrientationLandscapeRight";
				INFOPLIST_KEY_UISupportedInterfaceOrientations_iPhone = "UIInterfaceOrientationPortrait UIInterfaceOrientationLandscapeLeft UIInterfaceOrientationLandscapeRight";
				LD_RUNPATH_SEARCH_PATHS = (
					"$(inherited)",
					"@executable_path/Frameworks",
				);
				MARKETING_VERSION = 1.0;
				PRODUCT_BUNDLE_IDENTIFIER = com.nate995.Hyperhire;
				PRODUCT_NAME = "$(TARGET_NAME)";
				SWIFT_EMIT_LOC_STRINGS = YES;
				SWIFT_VERSION = 5.0;
				TARGETED_DEVICE_FAMILY = "1,2";
			};
			name = Debug;
		};
		5991DE452A2887CE00EF4C41 /* Release */ = {
			isa = XCBuildConfiguration;
			buildSettings = {
				ASSETCATALOG_COMPILER_APPICON_NAME = AppIcon;
				ASSETCATALOG_COMPILER_GLOBAL_ACCENT_COLOR_NAME = AccentColor;
				CODE_SIGN_STYLE = Automatic;
				CURRENT_PROJECT_VERSION = 1;
				DEVELOPMENT_ASSET_PATHS = "\"Hyperhire/Preview Content\"";
				ENABLE_PREVIEWS = YES;
				GENERATE_INFOPLIST_FILE = YES;
				INFOPLIST_FILE = Hyperhire/Info.plist;
				INFOPLIST_KEY_UIApplicationSceneManifest_Generation = YES;
				INFOPLIST_KEY_UIApplicationSupportsIndirectInputEvents = YES;
				INFOPLIST_KEY_UILaunchScreen_Generation = YES;
				INFOPLIST_KEY_UISupportedInterfaceOrientations_iPad = "UIInterfaceOrientationPortrait UIInterfaceOrientationPortraitUpsideDown UIInterfaceOrientationLandscapeLeft UIInterfaceOrientationLandscapeRight";
				INFOPLIST_KEY_UISupportedInterfaceOrientations_iPhone = "UIInterfaceOrientationPortrait UIInterfaceOrientationLandscapeLeft UIInterfaceOrientationLandscapeRight";
				LD_RUNPATH_SEARCH_PATHS = (
					"$(inherited)",
					"@executable_path/Frameworks",
				);
				MARKETING_VERSION = 1.0;
				PRODUCT_BUNDLE_IDENTIFIER = com.nate995.Hyperhire;
				PRODUCT_NAME = "$(TARGET_NAME)";
				SWIFT_EMIT_LOC_STRINGS = YES;
				SWIFT_VERSION = 5.0;
				TARGETED_DEVICE_FAMILY = "1,2";
			};
			name = Release;
		};
/* End XCBuildConfiguration section */

/* Begin XCConfigurationList section */
		5991DE302A2887CC00EF4C41 /* Build configuration list for PBXProject "Hyperhire" */ = {
			isa = XCConfigurationList;
			buildConfigurations = (
				5991DE412A2887CE00EF4C41 /* Debug */,
				5991DE422A2887CE00EF4C41 /* Release */,
			);
			defaultConfigurationIsVisible = 0;
			defaultConfigurationName = Release;
		};
		5991DE432A2887CE00EF4C41 /* Build configuration list for PBXNativeTarget "Hyperhire" */ = {
			isa = XCConfigurationList;
			buildConfigurations = (
				5991DE442A2887CE00EF4C41 /* Debug */,
				5991DE452A2887CE00EF4C41 /* Release */,
			);
			defaultConfigurationIsVisible = 0;
			defaultConfigurationName = Release;
		};
/* End XCConfigurationList section */
	};
	rootObject = 5991DE2D2A2887CC00EF4C41 /* Project object */;
}
